
Microsoft Visual Studio Solution File, Format Version 12.00
# Visual Studio Version 17
VisualStudioVersion = 17.8.34322.80
MinimumVisualStudioVersion = 10.0.40219.1
Project("{FAE04EC0-301F-11D3-BF4B-00C04F79EFBC}") = "WebApplication1", "WebApplication1.csproj", "{F9E6DB11-AE9B-4F7E-A924-D75F6814C3C0}"
EndProject
Global
	GlobalSection(SolutionConfigurationPlatforms) = preSolution
		Debug|Any CPU = Debug|Any CPU
		Release|Any CPU = Release|Any CPU
	EndGlobalSection
	GlobalSection(ProjectConfigurationPlatforms) = postSolution
		{F9E6DB11-AE9B-4F7E-A924-D75F6814C3C0}.Debug|Any CPU.ActiveCfg = Debug|Any CPU
		{F9E6DB11-AE9B-4F7E-A924-D75F6814C3C0}.Debug|Any CPU.Build.0 = Debug|Any CPU
		{F9E6DB11-AE9B-4F7E-A924-D75F6814C3C0}.Release|Any CPU.ActiveCfg = Release|Any CPU
		{F9E6DB11-AE9B-4F7E-A924-D75F6814C3C0}.Release|Any CPU.Build.0 = Release|Any CPU
	EndGlobalSection
	GlobalSection(SolutionProperties) = preSolution
		HideSolutionNode = FALSE
	EndGlobalSection
	GlobalSection(ExtensibilityGlobals) = postSolution
		SolutionGuid = {E38BFC75-A5E1-4038-81AC-B7E4454D943C}
	EndGlobalSection
EndGlobal
